
Microsoft Visual Studio Solution File, Format Version 12.00
# Visual Studio Version 16
VisualStudioVersion = 16.0.30717.126
MinimumVisualStudioVersion = 10.0.40219.1
Project("{8BC9CEB8-8B4A-11D0-8D11-00A0C91BC942}") = "msvc", "msvc.vcxproj", "{FA91FC9C-6A4A-4B03-BE29-73694817C7BA}"
EndProject
Global
	GlobalSection(SolutionConfigurationPlatforms) = preSolution
		Debug|x64 = Debug|x64
		Debug|x86 = Debug|x86
		Release|x64 = Release|x64
		Release|x86 = Release|x86
	EndGlobalSection
	GlobalSection(ProjectConfigurationPlatforms) = postSolution
		{FA91FC9C-6A4A-4B03-BE29-73694817C7BA}.Debug|x64.ActiveCfg = Debug|x64
		{FA91FC9C-6A4A-4B03-BE29-73694817C7BA}.Debug|x64.Build.0 = Debug|x64
		{FA91FC9C-6A4A-4B03-BE29-73694817C7BA}.Debug|x86.ActiveCfg = Debug|Win32
		{FA91FC9C-6A4A-4B03-BE29-73694817C7BA}.Debug|x86.Build.0 = Debug|Win32
		{FA91FC9C-6A4A-4B03-BE29-73694817C7BA}.Release|x64.ActiveCfg = Release|x64
		{FA91FC9C-6A4A-4B03-BE29-73694817C7BA}.Release|x64.Build.0 = Release|x64
		{FA91FC9C-6A4A-4B03-BE29-73694817C7BA}.Release|x86.ActiveCfg = Release|Win32
		{FA91FC9C-6A4A-4B03-BE29-73694817C7BA}.Release|x86.Build.0 = Release|Win32
	EndGlobalSection
	GlobalSection(SolutionProperties) = preSolution
		HideSolutionNode = FALSE
	EndGlobalSection
	GlobalSection(ExtensibilityGlobals) = postSolution
		SolutionGuid = {AA732071-CE98-4B69-9CC1-0924D5A2E1D1}
	EndGlobalSection
EndGlobal
